{
  "name": "playwright-mcp-parallel",
  "version": "0.0.76",
  "lockfileVersion": 3,
  "requires": true,
  "packages": {
    "": {
      "name": "playwright-mcp-parallel",
      "version": "0.0.76",
      "license": "Apache-2.0",
      "dependencies": {
        "playwright": "^1.59.1",
        "playwright-core": "^1.59.1"
      },
      "bin": {
        "playwright-mcp-parallel": "cli.js"
      },
      "engines": {
        "node": ">=18"
      }
    },
    "node_modules/fsevents": {
      "version": "2.3.2",
      "resolved": "https://registry.npmjs.org/fsevents/-/fsevents-2.3.2.tgz",
      "integrity": "sha512-xiqMQR4xAeHTuB9uWm+fFRcIOgKBMiOBP+eXiyT7jsgVCq1bkVygt00oASowB7EdtpOHaaPgKt812P9ab+DDKA==",
      "hasInstallScript": true,
      "license": "MIT",
      "optional": true,
      "os": [
        "darwin"
      ],
      "engines": {
        "node": "^8.16.0 || ^10.6.0 || >=11.0.0"
      }
    },
    "node_modules/playwright": {
      "version": "1.59.1",
      "resolved": "https://registry.npmjs.org/playwright/-/playwright-1.59.1.tgz",
      "integrity": "sha512-C8oWjPR3F81yljW9o5OxcWzfh6avkVwDD2VYdwIGqTkl+OGFISgypqzfu7dOe4QNLL2aqcWBmI3PMtLIK233lw==",
      "license": "Apache-2.0",
      "dependencies": {
        "playwright-core": "1.59.1"
      },
      "bin": {
        "playwright": "cli.js"
      },
      "engines": {
        "node": ">=18"
      },
      "optionalDependencies": {
        "fsevents": "2.3.2"
      }
    },
    "node_modules/playwright-core": {
      "version": "1.59.1",
      "resolved": "https://registry.npmjs.org/playwright-core/-/playwright-core-1.59.1.tgz",
      "integrity": "sha512-HBV/RJg81z5BiiZ9yPzIiClYV/QMsDCKUyogwH9p3MCP6IYjUFu/MActgYAvK0oWyV9NlwM3GLBjADyWgydVyg==",
      "license": "Apache-2.0",
      "bin": {
        "playwright-core": "cli.js"
      },
      "engines": {
        "node": ">=18"
      }
    },
    "packages/extension": {
      "name": "@playwright/mcp-extension",
      "version": "0.0.68",
      "extraneous": true,
      "license": "Apache-2.0",
      "devDependencies": {
        "@types/chrome": "^0.0.315",
        "@types/react": "^18.2.66",
        "@types/react-dom": "^18.2.22",
        "@vitejs/plugin-react": "^4.0.0",
        "minimist": "^1.2.5",
        "react": "^18.2.0",
        "react-dom": "^18.2.0",
        "typescript": "^5.8.2",
        "vite": "^7.3.1",
        "vite-plugin-static-copy": "^3.1.1"
      },
      "engines": {
        "node": ">=18"
      }
    },
    "packages/mcp-browser-parallel": {
      "version": "1.0.0",
      "extraneous": true,
      "license": "Apache-2.0",
      "dependencies": {
        "@modelcontextprotocol/sdk": "^1.25.2",
        "playwright": "1.59.0-alpha-1773608981000",
        "playwright-core": "1.59.0-alpha-1773608981000"
      },
      "bin": {
        "mcp-browser-parallel": "dist/cli.js"
      },
      "devDependencies": {
        "@types/node": "^24.3.0",
        "typescript": "^5.7.0"
      },
      "engines": {
        "node": ">=18"
      }
    },
    "packages/playwright-cli-stub": {
      "name": "playwright-cli",
      "version": "0.262.0",
      "extraneous": true,
      "license": "Apache-2.0"
    },
    "packages/playwright-mcp": {
      "name": "@playwright/mcp",
      "version": "0.0.69",
      "extraneous": true,
      "license": "Apache-2.0",
      "dependencies": {
        "playwright": "1.59.0-alpha-1773608981000",
        "playwright-core": "1.59.0-alpha-1773608981000"
      },
      "bin": {
        "playwright-mcp": "cli.js",
        "playwright-mcp-parallel": "cli-parallel.js"
      },
      "engines": {
        "node": ">=18"
      }
    }
  }
}
